{
  "name": "janerek-landing",
  "version": "1.0.0",
  "lockfileVersion": 3,
  "requires": true,
  "packages": {
    "": {
      "name": "janerek-landing",
      "version": "1.0.0",
      "license": "ISC",
      "dependencies": {
        "jose": "^6.2.3"
      }
    },
    "node_modules/jose": {
      "version": "6.2.3",
      "resolved": "https://registry.npmjs.org/jose/-/jose-6.2.3.tgz",
      "integrity": "sha512-YYVDInQKFJfR/xa3ojUTl8c2KoTwiL1R5Wg9YCydwH0x0B9grbzlg5HC7mMjCtUJjbQ/YnGEZIhI5tCgfTb4Hw==",
      "funding": {
        "url": "https://github.com/sponsors/panva"
      }
    }
  }
}
